// !$*UTF8*$!
{
	archiveVersion = 1;
	classes = {
	};
	objectVersion = 50;
	objects = {

/* Begin PBXBuildFile section */
		27968B88235ED24300002DCC /* AppDelegate.swift in Sources */ = {isa = PBXBuildFile; fileRef = 27968B87235ED24300002DCC /* AppDelegate.swift */; };
		27968B8A235ED24300002DCC /* SceneDelegate.swift in Sources */ = {isa = PBXBuildFile; fileRef = 27968B89235ED24300002DCC /* SceneDelegate.swift */; };
		27968B8C235ED24300002DCC /* ViewController.swift in Sources */ = {isa = PBXBuildFile; fileRef = 27968B8B235ED24300002DCC /* ViewController.swift */; };
		27968B8F235ED24300002DCC /* Main.storyboard in Resources */ = {isa = PBXBuildFile; fileRef = 27968B8D235ED24300002DCC /* Main.storyboard */; };
		27968B91235ED24500002DCC /* Assets.xcassets in Resources */ = {isa = PBXBuildFile; fileRef = 27968B90235ED24500002DCC /* Assets.xcassets */; };
		27968B94235ED24500002DCC /* LaunchScreen.storyboard in Resources */ = {isa = PBXBuildFile; fileRef = 27968B92235ED24500002DCC /* LaunchScreen.storyboard */; };
		27968B9F235ED24500002DCC /* DataAndAlgorimTotalTests.swift in Sources */ = {isa = PBXBuildFile; fileRef = 27968B9E235ED24500002DCC /* DataAndAlgorimTotalTests.swift */; };
		27968BAA235ED24500002DCC /* DataAndAlgorimTotalUITests.swift in Sources */ = {isa = PBXBuildFile; fileRef = 27968BA9235ED24500002DCC /* DataAndAlgorimTotalUITests.swift */; };
		27968BB9235ED26400002DCC /* Node.swift in Sources */ = {isa = PBXBuildFile; fileRef = 27968BB8235ED26400002DCC /* Node.swift */; };
		27968BBB235ED41F00002DCC /* LinkedList.swift in Sources */ = {isa = PBXBuildFile; fileRef = 27968BBA235ED41F00002DCC /* LinkedList.swift */; };
		27968BBE235F3ECB00002DCC /* Stack.swift in Sources */ = {isa = PBXBuildFile; fileRef = 27968BBD235F3ECB00002DCC /* Stack.swift */; };
		27968BC1235F4F2D00002DCC /* Queue.swift in Sources */ = {isa = PBXBuildFile; fileRef = 27968BC0235F4F2D00002DCC /* Queue.swift */; };
		27968BC3235F4FB300002DCC /* QueueArray.swift in Sources */ = {isa = PBXBuildFile; fileRef = 27968BC2235F4FB300002DCC /* QueueArray.swift */; };
		27968BC5235F528500002DCC /* DoubleLinkedList.swift in Sources */ = {isa = PBXBuildFile; fileRef = 27968BC4235F528500002DCC /* DoubleLinkedList.swift */; };
		27968BC7235FE1DD00002DCC /* QueueLinkedList.swift in Sources */ = {isa = PBXBuildFile; fileRef = 27968BC6235FE1DD00002DCC /* QueueLinkedList.swift */; };
		27968BC9235FE4EF00002DCC /* QueueStack.swift in Sources */ = {isa = PBXBuildFile; fileRef = 27968BC8235FE4EF00002DCC /* QueueStack.swift */; };
		27968BCC235FEEDE00002DCC /* TreeNode.swift in Sources */ = {isa = PBXBuildFile; fileRef = 27968BCB235FEEDE00002DCC /* TreeNode.swift */; };
		4F011B39238FF18900F038E9 /* BinaryNode.swift in Sources */ = {isa = PBXBuildFile; fileRef = 4F011B38238FF18900F038E9 /* BinaryNode.swift */; };
		4F011B3B23900E8100F038E9 /* Summary.swift in Sources */ = {isa = PBXBuildFile; fileRef = 4F011B3A23900E8100F038E9 /* Summary.swift */; };
		4F02B3C323A8B01800D83326 /* RedBlackTree.swift in Sources */ = {isa = PBXBuildFile; fileRef = 4F02B3C223A8B01800D83326 /* RedBlackTree.swift */; };
		4F11B63723710F4500D2013E /* Fibonacci.swift in Sources */ = {isa = PBXBuildFile; fileRef = 4F11B63623710F4500D2013E /* Fibonacci.swift */; };
		4F11B63A23710FBE00D2013E /* Times.swift in Sources */ = {isa = PBXBuildFile; fileRef = 4F11B63923710FBE00D2013E /* Times.swift */; };
		4F14615923BDC9180017B188 /* BinarySearch.swift in Sources */ = {isa = PBXBuildFile; fileRef = 4F14615823BDC9180017B188 /* BinarySearch.swift */; };
		4F14615D23BDCC2E0017B188 /* BinarySearchTests.swift in Sources */ = {isa = PBXBuildFile; fileRef = 4F14615C23BDCC2E0017B188 /* BinarySearchTests.swift */; };
		4F14616023BDD5300017B188 /* TheHeap.swift in Sources */ = {isa = PBXBuildFile; fileRef = 4F14615F23BDD5300017B188 /* TheHeap.swift */; };
		4F14616223BDF2090017B188 /* TheHeapTests.swift in Sources */ = {isa = PBXBuildFile; fileRef = 4F14616123BDF2090017B188 /* TheHeapTests.swift */; };
		4F14616523BEDBE70017B188 /* PriorityQueue.swift in Sources */ = {isa = PBXBuildFile; fileRef = 4F14616423BEDBE70017B188 /* PriorityQueue.swift */; };
		4F14616723BEDDD50017B188 /* PriorityQueueTests.swift in Sources */ = {isa = PBXBuildFile; fileRef = 4F14616623BEDDD50017B188 /* PriorityQueueTests.swift */; };
		4F1C304A23A1113400B5D652 /* BSTNode.swift in Sources */ = {isa = PBXBuildFile; fileRef = 4F1C304923A1113400B5D652 /* BSTNode.swift */; };
		4F1C308F23A7633B00B5D652 /* AVLNode.swift in Sources */ = {isa = PBXBuildFile; fileRef = 4F1C308E23A7633B00B5D652 /* AVLNode.swift */; };
		4F1C309123A7681400B5D652 /* AVLTree.swift in Sources */ = {isa = PBXBuildFile; fileRef = 4F1C309023A7681400B5D652 /* AVLTree.swift */; };
		4F2F27C123AB803700A8CC79 /* TrieNode.swift in Sources */ = {isa = PBXBuildFile; fileRef = 4F2F27C023AB803700A8CC79 /* TrieNode.swift */; };
		4F2F27C323AB81C500A8CC79 /* Trie.swift in Sources */ = {isa = PBXBuildFile; fileRef = 4F2F27C223AB81C500A8CC79 /* Trie.swift */; };
		4F3B4EAE23FFC27000CF3100 /* Prim.swift in Sources */ = {isa = PBXBuildFile; fileRef = 4F3B4EAD23FFC27000CF3100 /* Prim.swift */; };
		4F3B4EB123FFDFA300CF3100 /* Programmers.swift in Sources */ = {isa = PBXBuildFile; fileRef = 4F3B4EB023FFDFA300CF3100 /* Programmers.swift */; };
		4F3B4EB523FFE4DD00CF3100 /* ProgrammerTest.swift in Sources */ = {isa = PBXBuildFile; fileRef = 4F3B4EB423FFE4DD00CF3100 /* ProgrammerTest.swift */; };
		4F744C3523794C9D00A18FFE /* MinSubString.c in Sources */ = {isa = PBXBuildFile; fileRef = 4F744C3423794C9D00A18FFE /* MinSubString.c */; };
		4FB1729823C9CDEF009C9034 /* BubbleSort.swift in Sources */ = {isa = PBXBuildFile; fileRef = 4FB1729723C9CDEF009C9034 /* BubbleSort.swift */; };
		4FB1729A23C9CF2C009C9034 /* BubbleSortTests.swift in Sources */ = {isa = PBXBuildFile; fileRef = 4FB1729923C9CF2C009C9034 /* BubbleSortTests.swift */; };
		4FB1729C23C9D174009C9034 /* SelectionSort.swift in Sources */ = {isa = PBXBuildFile; fileRef = 4FB1729B23C9D174009C9034 /* SelectionSort.swift */; };
		4FB1729E23C9D80F009C9034 /* SelectionSortTests.swift in Sources */ = {isa = PBXBuildFile; fileRef = 4FB1729D23C9D80F009C9034 /* SelectionSortTests.swift */; };
		4FB172A023C9F7C8009C9034 /* InsertionSort.swift in Sources */ = {isa = PBXBuildFile; fileRef = 4FB1729F23C9F7C8009C9034 /* InsertionSort.swift */; };
		4FD71D1123FA26CC00057372 /* Edge.swift in Sources */ = {isa = PBXBuildFile; fileRef = 4FD71D1023FA26CC00057372 /* Edge.swift */; };
		4FD71D1323FA302B00057372 /* Graph.swift in Sources */ = {isa = PBXBuildFile; fileRef = 4FD71D1223FA302B00057372 /* Graph.swift */; };
		4FD71D1523FA303F00057372 /* Vertex.swift in Sources */ = {isa = PBXBuildFile; fileRef = 4FD71D1423FA303F00057372 /* Vertex.swift */; };
		4FD71D1723FA3E8700057372 /* AdjacencyList.swift in Sources */ = {isa = PBXBuildFile; fileRef = 4FD71D1623FA3E8700057372 /* AdjacencyList.swift */; };
		4FD71D1923FA46D100057372 /* GraphTest.swift in Sources */ = {isa = PBXBuildFile; fileRef = 4FD71D1823FA46D100057372 /* GraphTest.swift */; };
		4FD71D1B23FA55BB00057372 /* AdjacencyMatrix.swift in Sources */ = {isa = PBXBuildFile; fileRef = 4FD71D1A23FA55BB00057372 /* AdjacencyMatrix.swift */; };
		4FD71D1E23FBB33700057372 /* Dijkstra.swift in Sources */ = {isa = PBXBuildFile; fileRef = 4FD71D1D23FBB33700057372 /* Dijkstra.swift */; };
/* End PBXBuildFile section */

/* Begin PBXContainerItemProxy section */
		27968B9B235ED24500002DCC /* PBXContainerItemProxy */ = {
			isa = PBXContainerItemProxy;
			containerPortal = 27968B7C235ED24300002DCC /* Project object */;
			proxyType = 1;
			remoteGlobalIDString = 27968B83235ED24300002DCC;
			remoteInfo = DataAndAlgorimTotal;
		};
		27968BA6235ED24500002DCC /* PBXContainerItemProxy */ = {
			isa = PBXContainerItemProxy;
			containerPortal = 27968B7C235ED24300002DCC /* Project object */;
			proxyType = 1;
			remoteGlobalIDString = 27968B83235ED24300002DCC;
			remoteInfo = DataAndAlgorimTotal;
		};
/* End PBXContainerItemProxy section */

/* Begin PBXFileReference section */
		27968B84235ED24300002DCC /* DataAndAlgorimTotal.app */ = {isa = PBXFileReference; explicitFileType = wrapper.application; includeInIndex = 0; path = DataAndAlgorimTotal.app; sourceTree = BUILT_PRODUCTS_DIR; };
		27968B87235ED24300002DCC /* AppDelegate.swift */ = {isa = PBXFileReference; lastKnownFileType = sourcecode.swift; path = AppDelegate.swift; sourceTree = "<group>"; };
		27968B89235ED24300002DCC /* SceneDelegate.swift */ = {isa = PBXFileReference; lastKnownFileType = sourcecode.swift; path = SceneDelegate.swift; sourceTree = "<group>"; };
		27968B8B235ED24300002DCC /* ViewController.swift */ = {isa = PBXFileReference; lastKnownFileType = sourcecode.swift; path = ViewController.swift; sourceTree = "<group>"; };
		27968B8E235ED24300002DCC /* Base */ = {isa = PBXFileReference; lastKnownFileType = file.storyboard; name = Base; path = Base.lproj/Main.storyboard; sourceTree = "<group>"; };
		27968B90235ED24500002DCC /* Assets.xcassets */ = {isa = PBXFileReference; lastKnownFileType = folder.assetcatalog; path = Assets.xcassets; sourceTree = "<group>"; };
		27968B93235ED24500002DCC /* Base */ = {isa = PBXFileReference; lastKnownFileType = file.storyboard; name = Base; path = Base.lproj/LaunchScreen.storyboard; sourceTree = "<group>"; };
		27968B95235ED24500002DCC /* Info.plist */ = {isa = PBXFileReference; lastKnownFileType = text.plist.xml; path = Info.plist; sourceTree = "<group>"; };
		27968B9A235ED24500002DCC /* DataAndAlgorimTotalTests.xctest */ = {isa = PBXFileReference; explicitFileType = wrapper.cfbundle; includeInIndex = 0; path = DataAndAlgorimTotalTests.xctest; sourceTree = BUILT_PRODUCTS_DIR; };
		27968B9E235ED24500002DCC /* DataAndAlgorimTotalTests.swift */ = {isa = PBXFileReference; lastKnownFileType = sourcecode.swift; path = DataAndAlgorimTotalTests.swift; sourceTree = "<group>"; };
		27968BA0235ED24500002DCC /* Info.plist */ = {isa = PBXFileReference; lastKnownFileType = text.plist.xml; path = Info.plist; sourceTree = "<group>"; };
		27968BA5235ED24500002DCC /* DataAndAlgorimTotalUITests.xctest */ = {isa = PBXFileReference; explicitFileType = wrapper.cfbundle; includeInIndex = 0; path = DataAndAlgorimTotalUITests.xctest; sourceTree = BUILT_PRODUCTS_DIR; };
		27968BA9235ED24500002DCC /* DataAndAlgorimTotalUITests.swift */ = {isa = PBXFileReference; lastKnownFileType = sourcecode.swift; path = DataAndAlgorimTotalUITests.swift; sourceTree = "<group>"; };
		27968BAB235ED24500002DCC /* Info.plist */ = {isa = PBXFileReference; lastKnownFileType = text.plist.xml; path = Info.plist; sourceTree = "<group>"; };
		27968BB8235ED26400002DCC /* Node.swift */ = {isa = PBXFileReference; lastKnownFileType = sourcecode.swift; path = Node.swift; sourceTree = "<group>"; };
		27968BBA235ED41F00002DCC /* LinkedList.swift */ = {isa = PBXFileReference; lastKnownFileType = sourcecode.swift; path = LinkedList.swift; sourceTree = "<group>"; };
		27968BBD235F3ECB00002DCC /* Stack.swift */ = {isa = PBXFileReference; lastKnownFileType = sourcecode.swift; path = Stack.swift; sourceTree = "<group>"; };
		27968BC0235F4F2D00002DCC /* Queue.swift */ = {isa = PBXFileReference; lastKnownFileType = sourcecode.swift; path = Queue.swift; sourceTree = "<group>"; };
		27968BC2235F4FB300002DCC /* QueueArray.swift */ = {isa = PBXFileReference; lastKnownFileType = sourcecode.swift; path = QueueArray.swift; sourceTree = "<group>"; };
		27968BC4235F528500002DCC /* DoubleLinkedList.swift */ = {isa = PBXFileReference; lastKnownFileType = sourcecode.swift; path = DoubleLinkedList.swift; sourceTree = "<group>"; };
		27968BC6235FE1DD00002DCC /* QueueLinkedList.swift */ = {isa = PBXFileReference; lastKnownFileType = sourcecode.swift; path = QueueLinkedList.swift; sourceTree = "<group>"; };
		27968BC8235FE4EF00002DCC /* QueueStack.swift */ = {isa = PBXFileReference; lastKnownFileType = sourcecode.swift; path = QueueStack.swift; sourceTree = "<group>"; };
		27968BCB235FEEDE00002DCC /* TreeNode.swift */ = {isa = PBXFileReference; lastKnownFileType = sourcecode.swift; path = TreeNode.swift; sourceTree = "<group>"; };
		4F011B38238FF18900F038E9 /* BinaryNode.swift */ = {isa = PBXFileReference; lastKnownFileType = sourcecode.swift; path = BinaryNode.swift; sourceTree = "<group>"; };
		4F011B3A23900E8100F038E9 /* Summary.swift */ = {isa = PBXFileReference; lastKnownFileType = sourcecode.swift; path = Summary.swift; sourceTree = "<group>"; };
		4F02B3C223A8B01800D83326 /* RedBlackTree.swift */ = {isa = PBXFileReference; lastKnownFileType = sourcecode.swift; path = RedBlackTree.swift; sourceTree = "<group>"; };
		4F11B63623710F4500D2013E /* Fibonacci.swift */ = {isa = PBXFileReference; lastKnownFileType = sourcecode.swift; path = Fibonacci.swift; sourceTree = "<group>"; };
		4F11B63923710FBE00D2013E /* Times.swift */ = {isa = PBXFileReference; lastKnownFileType = sourcecode.swift; path = Times.swift; sourceTree = "<group>"; };
		4F14615823BDC9180017B188 /* BinarySearch.swift */ = {isa = PBXFileReference; lastKnownFileType = sourcecode.swift; path = BinarySearch.swift; sourceTree = "<group>"; };
		4F14615C23BDCC2E0017B188 /* BinarySearchTests.swift */ = {isa = PBXFileReference; lastKnownFileType = sourcecode.swift; path = BinarySearchTests.swift; sourceTree = "<group>"; };
		4F14615F23BDD5300017B188 /* TheHeap.swift */ = {isa = PBXFileReference; lastKnownFileType = sourcecode.swift; path = TheHeap.swift; sourceTree = "<group>"; };
		4F14616123BDF2090017B188 /* TheHeapTests.swift */ = {isa = PBXFileReference; lastKnownFileType = sourcecode.swift; path = TheHeapTests.swift; sourceTree = "<group>"; };
		4F14616423BEDBE70017B188 /* PriorityQueue.swift */ = {isa = PBXFileReference; lastKnownFileType = sourcecode.swift; path = PriorityQueue.swift; sourceTree = "<group>"; };
		4F14616623BEDDD50017B188 /* PriorityQueueTests.swift */ = {isa = PBXFileReference; lastKnownFileType = sourcecode.swift; path = PriorityQueueTests.swift; sourceTree = "<group>"; };
		4F1C304923A1113400B5D652 /* BSTNode.swift */ = {isa = PBXFileReference; lastKnownFileType = sourcecode.swift; path = BSTNode.swift; sourceTree = "<group>"; };
		4F1C308E23A7633B00B5D652 /* AVLNode.swift */ = {isa = PBXFileReference; lastKnownFileType = sourcecode.swift; path = AVLNode.swift; sourceTree = "<group>"; };
		4F1C309023A7681400B5D652 /* AVLTree.swift */ = {isa = PBXFileReference; lastKnownFileType = sourcecode.swift; path = AVLTree.swift; sourceTree = "<group>"; };
		4F2F27C023AB803700A8CC79 /* TrieNode.swift */ = {isa = PBXFileReference; lastKnownFileType = sourcecode.swift; path = TrieNode.swift; sourceTree = "<group>"; };
		4F2F27C223AB81C500A8CC79 /* Trie.swift */ = {isa = PBXFileReference; lastKnownFileType = sourcecode.swift; path = Trie.swift; sourceTree = "<group>"; };
		4F3B4EAD23FFC27000CF3100 /* Prim.swift */ = {isa = PBXFileReference; lastKnownFileType = sourcecode.swift; path = Prim.swift; sourceTree = "<group>"; };
		4F3B4EB023FFDFA300CF3100 /* Programmers.swift */ = {isa = PBXFileReference; lastKnownFileType = sourcecode.swift; path = Programmers.swift; sourceTree = "<group>"; };
		4F3B4EB423FFE4DD00CF3100 /* ProgrammerTest.swift */ = {isa = PBXFileReference; lastKnownFileType = sourcecode.swift; path = ProgrammerTest.swift; sourceTree = "<group>"; };
		4F744C3223794C9D00A18FFE /* DataAndAlgorimTotal-Bridging-Header.h */ = {isa = PBXFileReference; lastKnownFileType = sourcecode.c.h; path = "DataAndAlgorimTotal-Bridging-Header.h"; sourceTree = "<group>"; };
		4F744C3323794C9D00A18FFE /* MinSubString.h */ = {isa = PBXFileReference; lastKnownFileType = sourcecode.c.h; path = MinSubString.h; sourceTree = "<group>"; };
		4F744C3423794C9D00A18FFE /* MinSubString.c */ = {isa = PBXFileReference; lastKnownFileType = sourcecode.c.c; path = MinSubString.c; sourceTree = "<group>"; };
		4FB1729723C9CDEF009C9034 /* BubbleSort.swift */ = {isa = PBXFileReference; lastKnownFileType = sourcecode.swift; path = BubbleSort.swift; sourceTree = "<group>"; };
		4FB1729923C9CF2C009C9034 /* BubbleSortTests.swift */ = {isa = PBXFileReference; lastKnownFileType = sourcecode.swift; path = BubbleSortTests.swift; sourceTree = "<group>"; };
		4FB1729B23C9D174009C9034 /* SelectionSort.swift */ = {isa = PBXFileReference; lastKnownFileType = sourcecode.swift; path = SelectionSort.swift; sourceTree = "<group>"; };
		4FB1729D23C9D80F009C9034 /* SelectionSortTests.swift */ = {isa = PBXFileReference; lastKnownFileType = sourcecode.swift; path = SelectionSortTests.swift; sourceTree = "<group>"; };
		4FB1729F23C9F7C8009C9034 /* InsertionSort.swift */ = {isa = PBXFileReference; lastKnownFileType = sourcecode.swift; path = InsertionSort.swift; sourceTree = "<group>"; };
		4FD71D1023FA26CC00057372 /* Edge.swift */ = {isa = PBXFileReference; lastKnownFileType = sourcecode.swift; path = Edge.swift; sourceTree = "<group>"; };
		4FD71D1223FA302B00057372 /* Graph.swift */ = {isa = PBXFileReference; lastKnownFileType = sourcecode.swift; path = Graph.swift; sourceTree = "<group>"; };
		4FD71D1423FA303F00057372 /* Vertex.swift */ = {isa = PBXFileReference; lastKnownFileType = sourcecode.swift; path = Vertex.swift; sourceTree = "<group>"; };
		4FD71D1623FA3E8700057372 /* AdjacencyList.swift */ = {isa = PBXFileReference; lastKnownFileType = sourcecode.swift; path = AdjacencyList.swift; sourceTree = "<group>"; };
		4FD71D1823FA46D100057372 /* GraphTest.swift */ = {isa = PBXFileReference; lastKnownFileType = sourcecode.swift; path = GraphTest.swift; sourceTree = "<group>"; };
		4FD71D1A23FA55BB00057372 /* AdjacencyMatrix.swift */ = {isa = PBXFileReference; lastKnownFileType = sourcecode.swift; path = AdjacencyMatrix.swift; sourceTree = "<group>"; };
		4FD71D1D23FBB33700057372 /* Dijkstra.swift */ = {isa = PBXFileReference; lastKnownFileType = sourcecode.swift; path = Dijkstra.swift; sourceTree = "<group>"; };
/* End PBXFileReference section */

/* Begin PBXFrameworksBuildPhase section */
		27968B81235ED24300002DCC /* Frameworks */ = {
			isa = PBXFrameworksBuildPhase;
			buildActionMask = 2147483647;
			files = (
			);
			runOnlyForDeploymentPostprocessing = 0;
		};
		27968B97235ED24500002DCC /* Frameworks */ = {
			isa = PBXFrameworksBuildPhase;
			buildActionMask = 2147483647;
			files = (
			);
			runOnlyForDeploymentPostprocessing = 0;
		};
		27968BA2235ED24500002DCC /* Frameworks */ = {
			isa = PBXFrameworksBuildPhase;
			buildActionMask = 2147483647;
			files = (
			);
			runOnlyForDeploymentPostprocessing = 0;
		};
/* End PBXFrameworksBuildPhase section */

/* Begin PBXGroup section */
		27968B7B235ED24300002DCC = {
			isa = PBXGroup;
			children = (
				27968B86235ED24300002DCC /* DataAndAlgorimTotal */,
				27968B9D235ED24500002DCC /* DataAndAlgorimTotalTests */,
				27968BA8235ED24500002DCC /* DataAndAlgorimTotalUITests */,
				27968B85235ED24300002DCC /* Products */,
			);
			sourceTree = "<group>";
		};
		27968B85235ED24300002DCC /* Products */ = {
			isa = PBXGroup;
			children = (
				27968B84235ED24300002DCC /* DataAndAlgorimTotal.app */,
				27968B9A235ED24500002DCC /* DataAndAlgorimTotalTests.xctest */,
				27968BA5235ED24500002DCC /* DataAndAlgorimTotalUITests.xctest */,
			);
			name = Products;
			sourceTree = "<group>";
		};
		27968B86235ED24300002DCC /* DataAndAlgorimTotal */ = {
			isa = PBXGroup;
			children = (
				27968B87235ED24300002DCC /* AppDelegate.swift */,
				27968B89235ED24300002DCC /* SceneDelegate.swift */,
				27968B8B235ED24300002DCC /* ViewController.swift */,
				4F011B3A23900E8100F038E9 /* Summary.swift */,
				4F3B4EAF23FFDF6C00CF3100 /* Questions */,
				4F3B4EAC23FFBAA100CF3100 /* PrimsAlgorithm */,
				4FD71D1C23FBB2AD00057372 /* DijkstraAlgorithm */,
				4FD71D0F23FA26A400057372 /* Graph */,
				4FB1729623C9CD98009C9034 /* Sort */,
				4F14616323BED9160017B188 /* PriorityQueue */,
				4F14615E23BDD5210017B188 /* Heap */,
				4F14615723BDC9010017B188 /* BinarySearch */,
				4F11B63823710FAC00D2013E /* Tools */,
				4F11B63523710EFB00D2013E /* Application */,
				4F02B3C123A8AFD200D83326 /* RedBlack */,
				4F2F27BF23AB801600A8CC79 /* Trie */,
				4F1C304B23A2446B00B5D652 /* AVLTree */,
				4FA7A452239A979900C8CFCD /* BinarySearchTree */,
				4F011B37238FF16400F038E9 /* BinaryTree */,
				27968BCA235FEEAB00002DCC /* Tree */,
				27968BBF235F4F1B00002DCC /* Queue */,
				27968BBC235F3EBC00002DCC /* Stack */,
				27968BB7235ED25800002DCC /* LinkedList */,
				27968B8D235ED24300002DCC /* Main.storyboard */,
				27968B90235ED24500002DCC /* Assets.xcassets */,
				27968B92235ED24500002DCC /* LaunchScreen.storyboard */,
				27968B95235ED24500002DCC /* Info.plist */,
			);
			path = DataAndAlgorimTotal;
			sourceTree = "<group>";
		};
		27968B9D235ED24500002DCC /* DataAndAlgorimTotalTests */ = {
			isa = PBXGroup;
			children = (
				4FD71D1823FA46D100057372 /* GraphTest.swift */,
				27968B9E235ED24500002DCC /* DataAndAlgorimTotalTests.swift */,
				4F14615C23BDCC2E0017B188 /* BinarySearchTests.swift */,
				4F14616123BDF2090017B188 /* TheHeapTests.swift */,
				4F14616623BEDDD50017B188 /* PriorityQueueTests.swift */,
				4FB1729923C9CF2C009C9034 /* BubbleSortTests.swift */,
				4FB1729D23C9D80F009C9034 /* SelectionSortTests.swift */,
				4F3B4EB423FFE4DD00CF3100 /* ProgrammerTest.swift */,
				27968BA0235ED24500002DCC /* Info.plist */,
			);
			path = DataAndAlgorimTotalTests;
			sourceTree = "<group>";
		};
		27968BA8235ED24500002DCC /* DataAndAlgorimTotalUITests */ = {
			isa = PBXGroup;
			children = (
				27968BA9235ED24500002DCC /* DataAndAlgorimTotalUITests.swift */,
				27968BAB235ED24500002DCC /* Info.plist */,
			);
			path = DataAndAlgorimTotalUITests;
			sourceTree = "<group>";
		};
		27968BB7235ED25800002DCC /* LinkedList */ = {
			isa = PBXGroup;
			children = (
				27968BB8235ED26400002DCC /* Node.swift */,
				27968BBA235ED41F00002DCC /* LinkedList.swift */,
				27968BC4235F528500002DCC /* DoubleLinkedList.swift */,
				27968BC6235FE1DD00002DCC /* QueueLinkedList.swift */,
			);
			path = LinkedList;
			sourceTree = "<group>";
		};
		27968BBC235F3EBC00002DCC /* Stack */ = {
			isa = PBXGroup;
			children = (
				27968BBD235F3ECB00002DCC /* Stack.swift */,
			);
			path = Stack;
			sourceTree = "<group>";
		};
		27968BBF235F4F1B00002DCC /* Queue */ = {
			isa = PBXGroup;
			children = (
				27968BC0235F4F2D00002DCC /* Queue.swift */,
				27968BC2235F4FB300002DCC /* QueueArray.swift */,
				27968BC8235FE4EF00002DCC /* QueueStack.swift */,
			);
			path = Queue;
			sourceTree = "<group>";
		};
		27968BCA235FEEAB00002DCC /* Tree */ = {
			isa = PBXGroup;
			children = (
				27968BCB235FEEDE00002DCC /* TreeNode.swift */,
			);
			path = Tree;
			sourceTree = "<group>";
		};
		4F011B37238FF16400F038E9 /* BinaryTree */ = {
			isa = PBXGroup;
			children = (
				4F011B38238FF18900F038E9 /* BinaryNode.swift */,
			);
			path = BinaryTree;
			sourceTree = "<group>";
		};
		4F02B3C123A8AFD200D83326 /* RedBlack */ = {
			isa = PBXGroup;
			children = (
				4F02B3C223A8B01800D83326 /* RedBlackTree.swift */,
			);
			path = RedBlack;
			sourceTree = "<group>";
		};
		4F11B63523710EFB00D2013E /* Application */ = {
			isa = PBXGroup;
			children = (
				4F11B63623710F4500D2013E /* Fibonacci.swift */,
				4F744C3323794C9D00A18FFE /* MinSubString.h */,
				4F744C3423794C9D00A18FFE /* MinSubString.c */,
				4F744C3223794C9D00A18FFE /* DataAndAlgorimTotal-Bridging-Header.h */,
			);
			path = Application;
			sourceTree = "<group>";
		};
		4F11B63823710FAC00D2013E /* Tools */ = {
			isa = PBXGroup;
			children = (
				4F11B63923710FBE00D2013E /* Times.swift */,
			);
			path = Tools;
			sourceTree = SOURCE_ROOT;
		};
		4F14615723BDC9010017B188 /* BinarySearch */ = {
			isa = PBXGroup;
			children = (
				4F14615823BDC9180017B188 /* BinarySearch.swift */,
			);
			path = BinarySearch;
			sourceTree = "<group>";
		};
		4F14615E23BDD5210017B188 /* Heap */ = {
			isa = PBXGroup;
			children = (
				4F14615F23BDD5300017B188 /* TheHeap.swift */,
			);
			path = Heap;
			sourceTree = "<group>";
		};
		4F14616323BED9160017B188 /* PriorityQueue */ = {
			isa = PBXGroup;
			children = (
				4F14616423BEDBE70017B188 /* PriorityQueue.swift */,
			);
			path = PriorityQueue;
			sourceTree = "<group>";
		};
		4F1C304B23A2446B00B5D652 /* AVLTree */ = {
			isa = PBXGroup;
			children = (
				4F1C308E23A7633B00B5D652 /* AVLNode.swift */,
				4F1C309023A7681400B5D652 /* AVLTree.swift */,
			);
			path = AVLTree;
			sourceTree = "<group>";
		};
		4F2F27BF23AB801600A8CC79 /* Trie */ = {
			isa = PBXGroup;
			children = (
				4F2F27C023AB803700A8CC79 /* TrieNode.swift */,
				4F2F27C223AB81C500A8CC79 /* Trie.swift */,
			);
			path = Trie;
			sourceTree = "<group>";
		};
		4F3B4EAC23FFBAA100CF3100 /* PrimsAlgorithm */ = {
			isa = PBXGroup;
			children = (
				4F3B4EAD23FFC27000CF3100 /* Prim.swift */,
			);
			path = PrimsAlgorithm;
			sourceTree = "<group>";
		};
		4F3B4EAF23FFDF6C00CF3100 /* Questions */ = {
			isa = PBXGroup;
			children = (
				4F3B4EB023FFDFA300CF3100 /* Programmers.swift */,
			);
			path = Questions;
			sourceTree = "<group>";
		};
		4FA7A452239A979900C8CFCD /* BinarySearchTree */ = {
			isa = PBXGroup;
			children = (
				4F1C304923A1113400B5D652 /* BSTNode.swift */,
			);
			path = BinarySearchTree;
			sourceTree = "<group>";
		};
		4FB1729623C9CD98009C9034 /* Sort */ = {
			isa = PBXGroup;
			children = (
				4FB1729723C9CDEF009C9034 /* BubbleSort.swift */,
				4FB1729B23C9D174009C9034 /* SelectionSort.swift */,
				4FB1729F23C9F7C8009C9034 /* InsertionSort.swift */,
			);
			path = Sort;
			sourceTree = "<group>";
		};
		4FD71D0F23FA26A400057372 /* Graph */ = {
			isa = PBXGroup;
			children = (
				4FD71D1023FA26CC00057372 /* Edge.swift */,
				4FD71D1223FA302B00057372 /* Graph.swift */,
				4FD71D1423FA303F00057372 /* Vertex.swift */,
				4FD71D1623FA3E8700057372 /* AdjacencyList.swift */,
				4FD71D1A23FA55BB00057372 /* AdjacencyMatrix.swift */,
			);
			path = Graph;
			sourceTree = "<group>";
		};
		4FD71D1C23FBB2AD00057372 /* DijkstraAlgorithm */ = {
			isa = PBXGroup;
			children = (
				4FD71D1D23FBB33700057372 /* Dijkstra.swift */,
			);
			path = DijkstraAlgorithm;
			sourceTree = "<group>";
		};
/* End PBXGroup section */

/* Begin PBXNativeTarget section */
		27968B83235ED24300002DCC /* DataAndAlgorimTotal */ = {
			isa = PBXNativeTarget;
			buildConfigurationList = 27968BAE235ED24500002DCC /* Build configuration list for PBXNativeTarget "DataAndAlgorimTotal" */;
			buildPhases = (
				27968B80235ED24300002DCC /* Sources */,
				27968B81235ED24300002DCC /* Frameworks */,
				27968B82235ED24300002DCC /* Resources */,
			);
			buildRules = (
			);
			dependencies = (
			);
			name = DataAndAlgorimTotal;
			productName = DataAndAlgorimTotal;
			productReference = 27968B84235ED24300002DCC /* DataAndAlgorimTotal.app */;
			productType = "com.apple.product-type.application";
		};
		27968B99235ED24500002DCC /* DataAndAlgorimTotalTests */ = {
			isa = PBXNativeTarget;
			buildConfigurationList = 27968BB1235ED24500002DCC /* Build configuration list for PBXNativeTarget "DataAndAlgorimTotalTests" */;
			buildPhases = (
				27968B96235ED24500002DCC /* Sources */,
				27968B97235ED24500002DCC /* Frameworks */,
				27968B98235ED24500002DCC /* Resources */,
			);
			buildRules = (
			);
			dependencies = (
				27968B9C235ED24500002DCC /* PBXTargetDependency */,
			);
			name = DataAndAlgorimTotalTests;
			productName = DataAndAlgorimTotalTests;
			productReference = 27968B9A235ED24500002DCC /* DataAndAlgorimTotalTests.xctest */;
			productType = "com.apple.product-type.bundle.unit-test";
		};
		27968BA4235ED24500002DCC /* DataAndAlgorimTotalUITests */ = {
			isa = PBXNativeTarget;
			buildConfigurationList = 27968BB4235ED24500002DCC /* Build configuration list for PBXNativeTarget "DataAndAlgorimTotalUITests" */;
			buildPhases = (
				27968BA1235ED24500002DCC /* Sources */,
				27968BA2235ED24500002DCC /* Frameworks */,
				27968BA3235ED24500002DCC /* Resources */,
			);
			buildRules = (
			);
			dependencies = (
				27968BA7235ED24500002DCC /* PBXTargetDependency */,
			);
			name = DataAndAlgorimTotalUITests;
			productName = DataAndAlgorimTotalUITests;
			productReference = 27968BA5235ED24500002DCC /* DataAndAlgorimTotalUITests.xctest */;
			productType = "com.apple.product-type.bundle.ui-testing";
		};
/* End PBXNativeTarget section */

/* Begin PBXProject section */
		27968B7C235ED24300002DCC /* Project object */ = {
			isa = PBXProject;
			attributes = {
				LastSwiftUpdateCheck = 1100;
				LastUpgradeCheck = 1100;
				ORGANIZATIONNAME = liyuchen;
				TargetAttributes = {
					27968B83235ED24300002DCC = {
						CreatedOnToolsVersion = 11.0;
						LastSwiftMigration = 1120;
					};
					27968B99235ED24500002DCC = {
						CreatedOnToolsVersion = 11.0;
						LastSwiftMigration = 1120;
						TestTargetID = 27968B83235ED24300002DCC;
					};
					27968BA4235ED24500002DCC = {
						CreatedOnToolsVersion = 11.0;
						TestTargetID = 27968B83235ED24300002DCC;
					};
				};
			};
			buildConfigurationList = 27968B7F235ED24300002DCC /* Build configuration list for PBXProject "DataAndAlgorimTotal" */;
			compatibilityVersion = "Xcode 9.3";
			developmentRegion = en;
			hasScannedForEncodings = 0;
			knownRegions = (
				en,
				Base,
			);
			mainGroup = 27968B7B235ED24300002DCC;
			productRefGroup = 27968B85235ED24300002DCC /* Products */;
			projectDirPath = "";
			projectRoot = "";
			targets = (
				27968B83235ED24300002DCC /* DataAndAlgorimTotal */,
				27968B99235ED24500002DCC /* DataAndAlgorimTotalTests */,
				27968BA4235ED24500002DCC /* DataAndAlgorimTotalUITests */,
			);
		};
/* End PBXProject section */

/* Begin PBXResourcesBuildPhase section */
		27968B82235ED24300002DCC /* Resources */ = {
			isa = PBXResourcesBuildPhase;
			buildActionMask = 2147483647;
			files = (
				27968B94235ED24500002DCC /* LaunchScreen.storyboard in Resources */,
				27968B91235ED24500002DCC /* Assets.xcassets in Resources */,
				27968B8F235ED24300002DCC /* Main.storyboard in Resources */,
			);
			runOnlyForDeploymentPostprocessing = 0;
		};
		27968B98235ED24500002DCC /* Resources */ = {
			isa = PBXResourcesBuildPhase;
			buildActionMask = 2147483647;
			files = (
			);
			runOnlyForDeploymentPostprocessing = 0;
		};
		27968BA3235ED24500002DCC /* Resources */ = {
			isa = PBXResourcesBuildPhase;
			buildActionMask = 2147483647;
			files = (
			);
			runOnlyForDeploymentPostprocessing = 0;
		};
/* End PBXResourcesBuildPhase section */

/* Begin PBXSourcesBuildPhase section */
		27968B80235ED24300002DCC /* Sources */ = {
			isa = PBXSourcesBuildPhase;
			buildActionMask = 2147483647;
			files = (
				4F11B63A23710FBE00D2013E /* Times.swift in Sources */,
				4F2F27C123AB803700A8CC79 /* TrieNode.swift in Sources */,
				4FD71D1123FA26CC00057372 /* Edge.swift in Sources */,
				4FD71D1B23FA55BB00057372 /* AdjacencyMatrix.swift in Sources */,
				4F1C304A23A1113400B5D652 /* BSTNode.swift in Sources */,
				4F11B63723710F4500D2013E /* Fibonacci.swift in Sources */,
				4FD71D1523FA303F00057372 /* Vertex.swift in Sources */,
				27968B8C235ED24300002DCC /* ViewController.swift in Sources */,
				4FD71D1323FA302B00057372 /* Graph.swift in Sources */,
				27968BC1235F4F2D00002DCC /* Queue.swift in Sources */,
				27968B88235ED24300002DCC /* AppDelegate.swift in Sources */,
				27968BBB235ED41F00002DCC /* LinkedList.swift in Sources */,
				4FB1729823C9CDEF009C9034 /* BubbleSort.swift in Sources */,
				4F14615923BDC9180017B188 /* BinarySearch.swift in Sources */,
				4F011B39238FF18900F038E9 /* BinaryNode.swift in Sources */,
				4F02B3C323A8B01800D83326 /* RedBlackTree.swift in Sources */,
				4F14616023BDD5300017B188 /* TheHeap.swift in Sources */,
				27968BC5235F528500002DCC /* DoubleLinkedList.swift in Sources */,
				4F2F27C323AB81C500A8CC79 /* Trie.swift in Sources */,
				4FD71D1E23FBB33700057372 /* Dijkstra.swift in Sources */,
				27968B8A235ED24300002DCC /* SceneDelegate.swift in Sources */,
				4F3B4EAE23FFC27000CF3100 /* Prim.swift in Sources */,
				4FB1729C23C9D174009C9034 /* SelectionSort.swift in Sources */,
				27968BC9235FE4EF00002DCC /* QueueStack.swift in Sources */,
				27968BBE235F3ECB00002DCC /* Stack.swift in Sources */,
				4F011B3B23900E8100F038E9 /* Summary.swift in Sources */,
				27968BB9235ED26400002DCC /* Node.swift in Sources */,
				27968BC7235FE1DD00002DCC /* QueueLinkedList.swift in Sources */,
				4F744C3523794C9D00A18FFE /* MinSubString.c in Sources */,
				27968BC3235F4FB300002DCC /* QueueArray.swift in Sources */,
				4FD71D1723FA3E8700057372 /* AdjacencyList.swift in Sources */,
				4F1C308F23A7633B00B5D652 /* AVLNode.swift in Sources */,
				27968BCC235FEEDE00002DCC /* TreeNode.swift in Sources */,
				4F1C309123A7681400B5D652 /* AVLTree.swift in Sources */,
				4F3B4EB123FFDFA300CF3100 /* Programmers.swift in Sources */,
				4FB172A023C9F7C8009C9034 /* InsertionSort.swift in Sources */,
				4F14616523BEDBE70017B188 /* PriorityQueue.swift in Sources */,
			);
			runOnlyForDeploymentPostprocessing = 0;
		};
		27968B96235ED24500002DCC /* Sources */ = {
			isa = PBXSourcesBuildPhase;
			buildActionMask = 2147483647;
			files = (
				4FB1729E23C9D80F009C9034 /* SelectionSortTests.swift in Sources */,
				4FD71D1923FA46D100057372 /* GraphTest.swift in Sources */,
				4F14616223BDF2090017B188 /* TheHeapTests.swift in Sources */,
				4F3B4EB523FFE4DD00CF3100 /* ProgrammerTest.swift in Sources */,
				4F14616723BEDDD50017B188 /* PriorityQueueTests.swift in Sources */,
				4F14615D23BDCC2E0017B188 /* BinarySearchTests.swift in Sources */,
				4FB1729A23C9CF2C009C9034 /* BubbleSortTests.swift in Sources */,
				27968B9F235ED24500002DCC /* DataAndAlgorimTotalTests.swift in Sources */,
			);
			runOnlyForDeploymentPostprocessing = 0;
		};
		27968BA1235ED24500002DCC /* Sources */ = {
			isa = PBXSourcesBuildPhase;
			buildActionMask = 2147483647;
			files = (
				27968BAA235ED24500002DCC /* DataAndAlgorimTotalUITests.swift in Sources */,
			);
			runOnlyForDeploymentPostprocessing = 0;
		};
/* End PBXSourcesBuildPhase section */

/* Begin PBXTargetDependency section */
		27968B9C235ED24500002DCC /* PBXTargetDependency */ = {
			isa = PBXTargetDependency;
			target = 27968B83235ED24300002DCC /* DataAndAlgorimTotal */;
			targetProxy = 27968B9B235ED24500002DCC /* PBXContainerItemProxy */;
		};
		27968BA7235ED24500002DCC /* PBXTargetDependency */ = {
			isa = PBXTargetDependency;
			target = 27968B83235ED24300002DCC /* DataAndAlgorimTotal */;
			targetProxy = 27968BA6235ED24500002DCC /* PBXContainerItemProxy */;
		};
/* End PBXTargetDependency section */

/* Begin PBXVariantGroup section */
		27968B8D235ED24300002DCC /* Main.storyboard */ = {
			isa = PBXVariantGroup;
			children = (
				27968B8E235ED24300002DCC /* Base */,
			);
			name = Main.storyboard;
			sourceTree = "<group>";
		};
		27968B92235ED24500002DCC /* LaunchScreen.storyboard */ = {
			isa = PBXVariantGroup;
			children = (
				27968B93235ED24500002DCC /* Base */,
			);
			name = LaunchScreen.storyboard;
			sourceTree = "<group>";
		};
/* End PBXVariantGroup section */

/* Begin XCBuildConfiguration section */
		27968BAC235ED24500002DCC /* Debug */ = {
			isa = XCBuildConfiguration;
			buildSettings = {
				ALWAYS_SEARCH_USER_PATHS = NO;
				CLANG_ANALYZER_NONNULL = YES;
				CLANG_ANALYZER_NUMBER_OBJECT_CONVERSION = YES_AGGRESSIVE;
				CLANG_CXX_LANGUAGE_STANDARD = "gnu++14";
				CLANG_CXX_LIBRARY = "libc++";
				CLANG_ENABLE_MODULES = YES;
				CLANG_ENABLE_OBJC_ARC = YES;
				CLANG_ENABLE_OBJC_WEAK = YES;
				CLANG_WARN_BLOCK_CAPTURE_AUTORELEASING = YES;
				CLANG_WARN_BOOL_CONVERSION = YES;
				CLANG_WARN_COMMA = YES;
				CLANG_WARN_CONSTANT_CONVERSION = YES;
				CLANG_WARN_DEPRECATED_OBJC_IMPLEMENTATIONS = YES;
				CLANG_WARN_DIRECT_OBJC_ISA_USAGE = YES_ERROR;
				CLANG_WARN_DOCUMENTATION_COMMENTS = YES;
				CLANG_WARN_EMPTY_BODY = YES;
				CLANG_WARN_ENUM_CONVERSION = YES;
				CLANG_WARN_INFINITE_RECURSION = YES;
				CLANG_WARN_INT_CONVERSION = YES;
				CLANG_WARN_NON_LITERAL_NULL_CONVERSION = YES;
				CLANG_WARN_OBJC_IMPLICIT_RETAIN_SELF = YES;
				CLANG_WARN_OBJC_LITERAL_CONVERSION = YES;
				CLANG_WARN_OBJC_ROOT_CLASS = YES_ERROR;
				CLANG_WARN_RANGE_LOOP_ANALYSIS = YES;
				CLANG_WARN_STRICT_PROTOTYPES = YES;
				CLANG_WARN_SUSPICIOUS_MOVE = YES;
				CLANG_WARN_UNGUARDED_AVAILABILITY = YES_AGGRESSIVE;
				CLANG_WARN_UNREACHABLE_CODE = YES;
				CLANG_WARN__DUPLICATE_METHOD_MATCH = YES;
				COPY_PHASE_STRIP = NO;
				DEBUG_INFORMATION_FORMAT = dwarf;
				ENABLE_STRICT_OBJC_MSGSEND = YES;
				ENABLE_TESTABILITY = YES;
				GCC_C_LANGUAGE_STANDARD = gnu11;
				GCC_DYNAMIC_NO_PIC = NO;
				GCC_NO_COMMON_BLOCKS = YES;
				GCC_OPTIMIZATION_LEVEL = 0;
				GCC_PREPROCESSOR_DEFINITIONS = (
					"DEBUG=1",
					"$(inherited)",
				);
				GCC_WARN_64_TO_32_BIT_CONVERSION = YES;
				GCC_WARN_ABOUT_RETURN_TYPE = YES_ERROR;
				GCC_WARN_UNDECLARED_SELECTOR = YES;
				GCC_WARN_UNINITIALIZED_AUTOS = YES_AGGRESSIVE;
				GCC_WARN_UNUSED_FUNCTION = YES;
				GCC_WARN_UNUSED_VARIABLE = YES;
				IPHONEOS_DEPLOYMENT_TARGET = 13.0;
				MTL_ENABLE_DEBUG_INFO = INCLUDE_SOURCE;
				MTL_FAST_MATH = YES;
				ONLY_ACTIVE_ARCH = YES;
				SDKROOT = iphoneos;
				SWIFT_ACTIVE_COMPILATION_CONDITIONS = DEBUG;
				SWIFT_OPTIMIZATION_LEVEL = "-Onone";
			};
			name = Debug;
		};
		27968BAD235ED24500002DCC /* Release */ = {
			isa = XCBuildConfiguration;
			buildSettings = {
				ALWAYS_SEARCH_USER_PATHS = NO;
				CLANG_ANALYZER_NONNULL = YES;
				CLANG_ANALYZER_NUMBER_OBJECT_CONVERSION = YES_AGGRESSIVE;
				CLANG_CXX_LANGUAGE_STANDARD = "gnu++14";
				CLANG_CXX_LIBRARY = "libc++";
				CLANG_ENABLE_MODULES = YES;
				CLANG_ENABLE_OBJC_ARC = YES;
				CLANG_ENABLE_OBJC_WEAK = YES;
				CLANG_WARN_BLOCK_CAPTURE_AUTORELEASING = YES;
				CLANG_WARN_BOOL_CONVERSION = YES;
				CLANG_WARN_COMMA = YES;
				CLANG_WARN_CONSTANT_CONVERSION = YES;
				CLANG_WARN_DEPRECATED_OBJC_IMPLEMENTATIONS = YES;
				CLANG_WARN_DIRECT_OBJC_ISA_USAGE = YES_ERROR;
				CLANG_WARN_DOCUMENTATION_COMMENTS = YES;
				CLANG_WARN_EMPTY_BODY = YES;
				CLANG_WARN_ENUM_CONVERSION = YES;
				CLANG_WARN_INFINITE_RECURSION = YES;
				CLANG_WARN_INT_CONVERSION = YES;
				CLANG_WARN_NON_LITERAL_NULL_CONVERSION = YES;
				CLANG_WARN_OBJC_IMPLICIT_RETAIN_SELF = YES;
				CLANG_WARN_OBJC_LITERAL_CONVERSION = YES;
				CLANG_WARN_OBJC_ROOT_CLASS = YES_ERROR;
				CLANG_WARN_RANGE_LOOP_ANALYSIS = YES;
				CLANG_WARN_STRICT_PROTOTYPES = YES;
				CLANG_WARN_SUSPICIOUS_MOVE = YES;
				CLANG_WARN_UNGUARDED_AVAILABILITY = YES_AGGRESSIVE;
				CLANG_WARN_UNREACHABLE_CODE = YES;
				CLANG_WARN__DUPLICATE_METHOD_MATCH = YES;
				COPY_PHASE_STRIP = NO;
				DEBUG_INFORMATION_FORMAT = "dwarf-with-dsym";
				ENABLE_NS_ASSERTIONS = NO;
				ENABLE_STRICT_OBJC_MSGSEND = YES;
				GCC_C_LANGUAGE_STANDARD = gnu11;
				GCC_NO_COMMON_BLOCKS = YES;
				GCC_WARN_64_TO_32_BIT_CONVERSION = YES;
				GCC_WARN_ABOUT_RETURN_TYPE = YES_ERROR;
				GCC_WARN_UNDECLARED_SELECTOR = YES;
				GCC_WARN_UNINITIALIZED_AUTOS = YES_AGGRESSIVE;
				GCC_WARN_UNUSED_FUNCTION = YES;
				GCC_WARN_UNUSED_VARIABLE = YES;
				IPHONEOS_DEPLOYMENT_TARGET = 13.0;
				MTL_ENABLE_DEBUG_INFO = NO;
				MTL_FAST_MATH = YES;
				SDKROOT = iphoneos;
				SWIFT_COMPILATION_MODE = wholemodule;
				SWIFT_OPTIMIZATION_LEVEL = "-O";
				VALIDATE_PRODUCT = YES;
			};
			name = Release;
		};
		27968BAF235ED24500002DCC /* Debug */ = {
			isa = XCBuildConfiguration;
			buildSettings = {
				ASSETCATALOG_COMPILER_APPICON_NAME = AppIcon;
				CLANG_ENABLE_MODULES = YES;
				CODE_SIGN_STYLE = Automatic;
				DEVELOPMENT_TEAM = MQT5PJ7GA8;
				INFOPLIST_FILE = DataAndAlgorimTotal/Info.plist;
				LD_RUNPATH_SEARCH_PATHS = (
					"$(inherited)",
					"@executable_path/Frameworks",
				);
				PRODUCT_BUNDLE_IDENTIFIER = com.mzjf.DataAndAlgorimTotal;
				PRODUCT_NAME = "$(TARGET_NAME)";
				SWIFT_OBJC_BRIDGING_HEADER = "DataAndAlgorimTotal/Application/DataAndAlgorimTotal-Bridging-Header.h";
				SWIFT_OPTIMIZATION_LEVEL = "-Onone";
				SWIFT_VERSION = 5.0;
				TARGETED_DEVICE_FAMILY = "1,2";
			};
			name = Debug;
		};
		27968BB0235ED24500002DCC /* Release */ = {
			isa = XCBuildConfiguration;
			buildSettings = {
				ASSETCATALOG_COMPILER_APPICON_NAME = AppIcon;
				CLANG_ENABLE_MODULES = YES;
				CODE_SIGN_STYLE = Automatic;
				DEVELOPMENT_TEAM = MQT5PJ7GA8;
				INFOPLIST_FILE = DataAndAlgorimTotal/Info.plist;
				LD_RUNPATH_SEARCH_PATHS = (
					"$(inherited)",
					"@executable_path/Frameworks",
				);
				PRODUCT_BUNDLE_IDENTIFIER = com.mzjf.DataAndAlgorimTotal;
				PRODUCT_NAME = "$(TARGET_NAME)";
				SWIFT_OBJC_BRIDGING_HEADER = "DataAndAlgorimTotal/Application/DataAndAlgorimTotal-Bridging-Header.h";
				SWIFT_VERSION = 5.0;
				TARGETED_DEVICE_FAMILY = "1,2";
			};
			name = Release;
		};
		27968BB2235ED24500002DCC /* Debug */ = {
			isa = XCBuildConfiguration;
			buildSettings = {
				ALWAYS_EMBED_SWIFT_STANDARD_LIBRARIES = YES;
				BUNDLE_LOADER = "$(TEST_HOST)";
				CLANG_ENABLE_MODULES = YES;
				CODE_SIGN_STYLE = Automatic;
				DEVELOPMENT_TEAM = MQT5PJ7GA8;
				INFOPLIST_FILE = DataAndAlgorimTotalTests/Info.plist;
				IPHONEOS_DEPLOYMENT_TARGET = 13.0;
				LD_RUNPATH_SEARCH_PATHS = (
					"$(inherited)",
					"@executable_path/Frameworks",
					"@loader_path/Frameworks",
				);
				PRODUCT_BUNDLE_IDENTIFIER = com.mzjf.DataAndAlgorimTotalTests;
				PRODUCT_NAME = "$(TARGET_NAME)";
				SWIFT_OPTIMIZATION_LEVEL = "-Onone";
				SWIFT_VERSION = 5.0;
				TARGETED_DEVICE_FAMILY = "1,2";
				TEST_HOST = "$(BUILT_PRODUCTS_DIR)/DataAndAlgorimTotal.app/DataAndAlgorimTotal";
			};
			name = Debug;
		};
		27968BB3235ED24500002DCC /* Release */ = {
			isa = XCBuildConfiguration;
			buildSettings = {
				ALWAYS_EMBED_SWIFT_STANDARD_LIBRARIES = YES;
				BUNDLE_LOADER = "$(TEST_HOST)";
				CLANG_ENABLE_MODULES = YES;
				CODE_SIGN_STYLE = Automatic;
				DEVELOPMENT_TEAM = MQT5PJ7GA8;
				INFOPLIST_FILE = DataAndAlgorimTotalTests/Info.plist;
				IPHONEOS_DEPLOYMENT_TARGET = 13.0;
				LD_RUNPATH_SEARCH_PATHS = (
					"$(inherited)",
					"@executable_path/Frameworks",
					"@loader_path/Frameworks",
				);
				PRODUCT_BUNDLE_IDENTIFIER = com.mzjf.DataAndAlgorimTotalTests;
				PRODUCT_NAME = "$(TARGET_NAME)";
				SWIFT_VERSION = 5.0;
				TARGETED_DEVICE_FAMILY = "1,2";
				TEST_HOST = "$(BUILT_PRODUCTS_DIR)/DataAndAlgorimTotal.app/DataAndAlgorimTotal";
			};
			name = Release;
		};
		27968BB5235ED24500002DCC /* Debug */ = {
			isa = XCBuildConfiguration;
			buildSettings = {
				ALWAYS_EMBED_SWIFT_STANDARD_LIBRARIES = YES;
				CODE_SIGN_STYLE = Automatic;
				DEVELOPMENT_TEAM = MQT5PJ7GA8;
				INFOPLIST_FILE = DataAndAlgorimTotalUITests/Info.plist;
				LD_RUNPATH_SEARCH_PATHS = (
					"$(inherited)",
					"@executable_path/Frameworks",
					"@loader_path/Frameworks",
				);
				PRODUCT_BUNDLE_IDENTIFIER = com.mzjf.DataAndAlgorimTotalUITests;
				PRODUCT_NAME = "$(TARGET_NAME)";
				SWIFT_VERSION = 5.0;
				TARGETED_DEVICE_FAMILY = "1,2";
				TEST_TARGET_NAME = DataAndAlgorimTotal;
			};
			name = Debug;
		};
		27968BB6235ED24500002DCC /* Release */ = {
			isa = XCBuildConfiguration;
			buildSettings = {
				ALWAYS_EMBED_SWIFT_STANDARD_LIBRARIES = YES;
				CODE_SIGN_STYLE = Automatic;
				DEVELOPMENT_TEAM = MQT5PJ7GA8;
				INFOPLIST_FILE = DataAndAlgorimTotalUITests/Info.plist;
				LD_RUNPATH_SEARCH_PATHS = (
					"$(inherited)",
					"@executable_path/Frameworks",
					"@loader_path/Frameworks",
				);
				PRODUCT_BUNDLE_IDENTIFIER = com.mzjf.DataAndAlgorimTotalUITests;
				PRODUCT_NAME = "$(TARGET_NAME)";
				SWIFT_VERSION = 5.0;
				TARGETED_DEVICE_FAMILY = "1,2";
				TEST_TARGET_NAME = DataAndAlgorimTotal;
			};
			name = Release;
		};
/* End XCBuildConfiguration section */

/* Begin XCConfigurationList section */
		27968B7F235ED24300002DCC /* Build configuration list for PBXProject "DataAndAlgorimTotal" */ = {
			isa = XCConfigurationList;
			buildConfigurations = (
				27968BAC235ED24500002DCC /* Debug */,
				27968BAD235ED24500002DCC /* Release */,
			);
			defaultConfigurationIsVisible = 0;
			defaultConfigurationName = Release;
		};
		27968BAE235ED24500002DCC /* Build configuration list for PBXNativeTarget "DataAndAlgorimTotal" */ = {
			isa = XCConfigurationList;
			buildConfigurations = (
				27968BAF235ED24500002DCC /* Debug */,
				27968BB0235ED24500002DCC /* Release */,
			);
			defaultConfigurationIsVisible = 0;
			defaultConfigurationName = Release;
		};
		27968BB1235ED24500002DCC /* Build configuration list for PBXNativeTarget "DataAndAlgorimTotalTests" */ = {
			isa = XCConfigurationList;
			buildConfigurations = (
				27968BB2235ED24500002DCC /* Debug */,
				27968BB3235ED24500002DCC /* Release */,
			);
			defaultConfigurationIsVisible = 0;
			defaultConfigurationName = Release;
		};
		27968BB4235ED24500002DCC /* Build configuration list for PBXNativeTarget "DataAndAlgorimTotalUITests" */ = {
			isa = XCConfigurationList;
			buildConfigurations = (
				27968BB5235ED24500002DCC /* Debug */,
				27968BB6235ED24500002DCC /* Release */,
			);
			defaultConfigurationIsVisible = 0;
			defaultConfigurationName = Release;
		};
/* End XCConfigurationList section */
	};
	rootObject = 27968B7C235ED24300002DCC /* Project object */;
}
